
Microsoft Visual Studio Solution File, Format Version 12.00
# Visual Studio 15
Project("{FAE04EC0-301F-11D3-BF4B-00C04F79EFBC}") = "UnityEngine.TestRunner", "UnityEngine.TestRunner.csproj", "{53E85FC1-C4D9-FC17-1A6B-5A63803EB411}"
EndProject
Project("{FAE04EC0-301F-11D3-BF4B-00C04F79EFBC}") = "Unity.Timeline", "Unity.Timeline.csproj", "{B444C395-D48A-A705-5E8A-60A1510A8777}"
EndProject
Project("{FAE04EC0-301F-11D3-BF4B-00C04F79EFBC}") = "UnityEngine.UI", "UnityEngine.UI.csproj", "{62860AF9-F5E5-A33F-2F6C-602C7A45B77D}"
EndProject
Project("{FAE04EC0-301F-11D3-BF4B-00C04F79EFBC}") = "Unity.TextMeshPro", "Unity.TextMeshPro.csproj", "{99C57808-F9BE-33F2-4E61-1C5140D8FE1D}"
EndProject
Project("{FAE04EC0-301F-11D3-BF4B-00C04F79EFBC}") = "Assembly-CSharp", "Assembly-CSharp.csproj", "{F54D4F09-CE3B-6305-6007-C14992BF309F}"
EndProject
Project("{FAE04EC0-301F-11D3-BF4B-00C04F79EFBC}") = "UnityEditor.TestRunner", "UnityEditor.TestRunner.csproj", "{DA2A902E-324E-1E16-604D-F2465E6B7589}"
EndProject
Project("{FAE04EC0-301F-11D3-BF4B-00C04F79EFBC}") = "Unity.PlasticSCM.Editor", "Unity.PlasticSCM.Editor.csproj", "{68ED0F5B-B280-32CC-AFCC-EE76BAEBA30E}"
EndProject
Project("{FAE04EC0-301F-11D3-BF4B-00C04F79EFBC}") = "UnityEditor.UI", "UnityEditor.UI.csproj", "{CC947C75-CCEF-C700-E93E-7836DE120494}"
EndProject
Project("{FAE04EC0-301F-11D3-BF4B-00C04F79EFBC}") = "Unity.Services.Core.Editor", "Unity.Services.Core.Editor.csproj", "{9BE4916C-93F2-C789-94D5-78A88AA8CF6E}"
EndProject
Project("{FAE04EC0-301F-11D3-BF4B-00C04F79EFBC}") = "Unity.Timeline.Editor", "Unity.Timeline.Editor.csproj", "{5E7CC080-DDCA-BCED-5391-87B8D7E5369A}"
EndProject
Project("{FAE04EC0-301F-11D3-BF4B-00C04F79EFBC}") = "Unity.VisualStudio.Editor", "Unity.VisualStudio.Editor.csproj", "{C847791E-E969-9F26-A41A-B21E173E1308}"
EndProject
Project("{FAE04EC0-301F-11D3-BF4B-00C04F79EFBC}") = "Unity.TextMeshPro.Editor", "Unity.TextMeshPro.Editor.csproj", "{B52BFACF-CB89-8B5A-C73F-B78888B6D6C5}"
EndProject
Project("{FAE04EC0-301F-11D3-BF4B-00C04F79EFBC}") = "Unity.CollabProxy.Editor", "Unity.CollabProxy.Editor.csproj", "{8D2F03FC-2B60-06E6-F7F9-048E95DDE871}"
EndProject
Project("{FAE04EC0-301F-11D3-BF4B-00C04F79EFBC}") = "Unity.Rider.Editor", "Unity.Rider.Editor.csproj", "{8D00B74C-1B62-2F21-DCEF-046B0F1185B1}"
EndProject
Project("{FAE04EC0-301F-11D3-BF4B-00C04F79EFBC}") = "Unity.VSCode.Editor", "Unity.VSCode.Editor.csproj", "{0D942001-A3BC-4638-528F-1E4FA25EE10B}"
EndProject
Project("{FAE04EC0-301F-11D3-BF4B-00C04F79EFBC}") = "UnityEngine.TestRunner", "UnityEngine.TestRunner.Player.csproj", "{75310F3E-2897-38CD-65EF-336BFFB31919}"
EndProject
Project("{FAE04EC0-301F-11D3-BF4B-00C04F79EFBC}") = "Unity.Timeline", "Unity.Timeline.Player.csproj", "{BED0C4F9-44FF-C2EF-75DB-0F397D1254E6}"
EndProject
Project("{FAE04EC0-301F-11D3-BF4B-00C04F79EFBC}") = "UnityEngine.UI", "UnityEngine.UI.Player.csproj", "{A30C56C6-F3B1-F0AF-8800-AE522B5BCD39}"
EndProject
Project("{FAE04EC0-301F-11D3-BF4B-00C04F79EFBC}") = "Unity.TextMeshPro", "Unity.TextMeshPro.Player.csproj", "{14D0983D-096F-3830-6852-4174E05FDFBA}"
EndProject
Project("{FAE04EC0-301F-11D3-BF4B-00C04F79EFBC}") = "Assembly-CSharp", "Assembly-CSharp.Player.csproj", "{700E568D-E2FA-8381-8AB1-06BFA6D65874}"
EndProject
Global
	GlobalSection(SolutionConfigurationPlatforms) = preSolution
		Debug|Any CPU = Debug|Any CPU
		Release|Any CPU = Release|Any CPU
	EndGlobalSection
	GlobalSection(ProjectConfigurationPlatforms) = postSolution
		{53E85FC1-C4D9-FC17-1A6B-5A63803EB411}.Debug|Any CPU.ActiveCfg = Debug|Any CPU
		{53E85FC1-C4D9-FC17-1A6B-5A63803EB411}.Debug|Any CPU.Build.0 = Debug|Any CPU
		{53E85FC1-C4D9-FC17-1A6B-5A63803EB411}.Release|Any CPU.ActiveCfg = Release|Any CPU
		{53E85FC1-C4D9-FC17-1A6B-5A63803EB411}.Release|Any CPU.Build.0 = Release|Any CPU
		{B444C395-D48A-A705-5E8A-60A1510A8777}.Debug|Any CPU.ActiveCfg = Debug|Any CPU
		{B444C395-D48A-A705-5E8A-60A1510A8777}.Debug|Any CPU.Build.0 = Debug|Any CPU
		{B444C395-D48A-A705-5E8A-60A1510A8777}.Release|Any CPU.ActiveCfg = Release|Any CPU
		{B444C395-D48A-A705-5E8A-60A1510A8777}.Release|Any CPU.Build.0 = Release|Any CPU
		{62860AF9-F5E5-A33F-2F6C-602C7A45B77D}.Debug|Any CPU.ActiveCfg = Debug|Any CPU
		{62860AF9-F5E5-A33F-2F6C-602C7A45B77D}.Debug|Any CPU.Build.0 = Debug|Any CPU
		{62860AF9-F5E5-A33F-2F6C-602C7A45B77D}.Release|Any CPU.ActiveCfg = Release|Any CPU
		{62860AF9-F5E5-A33F-2F6C-602C7A45B77D}.Release|Any CPU.Build.0 = Release|Any CPU
		{99C57808-F9BE-33F2-4E61-1C5140D8FE1D}.Debug|Any CPU.ActiveCfg = Debug|Any CPU
		{99C57808-F9BE-33F2-4E61-1C5140D8FE1D}.Debug|Any CPU.Build.0 = Debug|Any CPU
		{99C57808-F9BE-33F2-4E61-1C5140D8FE1D}.Release|Any CPU.ActiveCfg = Release|Any CPU
		{99C57808-F9BE-33F2-4E61-1C5140D8FE1D}.Release|Any CPU.Build.0 = Release|Any CPU
		{F54D4F09-CE3B-6305-6007-C14992BF309F}.Debug|Any CPU.ActiveCfg = Debug|Any CPU
		{F54D4F09-CE3B-6305-6007-C14992BF309F}.Debug|Any CPU.Build.0 = Debug|Any CPU
		{F54D4F09-CE3B-6305-6007-C14992BF309F}.Release|Any CPU.ActiveCfg = Release|Any CPU
		{F54D4F09-CE3B-6305-6007-C14992BF309F}.Release|Any CPU.Build.0 = Release|Any CPU
		{DA2A902E-324E-1E16-604D-F2465E6B7589}.Debug|Any CPU.ActiveCfg = Debug|Any CPU
		{DA2A902E-324E-1E16-604D-F2465E6B7589}.Debug|Any CPU.Build.0 = Debug|Any CPU
		{DA2A902E-324E-1E16-604D-F2465E6B7589}.Release|Any CPU.ActiveCfg = Release|Any CPU
		{DA2A902E-324E-1E16-604D-F2465E6B7589}.Release|Any CPU.Build.0 = Release|Any CPU
		{68ED0F5B-B280-32CC-AFCC-EE76BAEBA30E}.Debug|Any CPU.ActiveCfg = Debug|Any CPU
		{68ED0F5B-B280-32CC-AFCC-EE76BAEBA30E}.Debug|Any CPU.Build.0 = Debug|Any CPU
		{68ED0F5B-B280-32CC-AFCC-EE76BAEBA30E}.Release|Any CPU.ActiveCfg = Release|Any CPU
		{68ED0F5B-B280-32CC-AFCC-EE76BAEBA30E}.Release|Any CPU.Build.0 = Release|Any CPU
		{CC947C75-CCEF-C700-E93E-7836DE120494}.Debug|Any CPU.ActiveCfg = Debug|Any CPU
		{CC947C75-CCEF-C700-E93E-7836DE120494}.Debug|Any CPU.Build.0 = Debug|Any CPU
		{CC947C75-CCEF-C700-E93E-7836DE120494}.Release|Any CPU.ActiveCfg = Release|Any CPU
		{CC947C75-CCEF-C700-E93E-7836DE120494}.Release|Any CPU.Build.0 = Release|Any CPU
		{9BE4916C-93F2-C789-94D5-78A88AA8CF6E}.Debug|Any CPU.ActiveCfg = Debug|Any CPU
		{9BE4916C-93F2-C789-94D5-78A88AA8CF6E}.Debug|Any CPU.Build.0 = Debug|Any CPU
		{9BE4916C-93F2-C789-94D5-78A88AA8CF6E}.Release|Any CPU.ActiveCfg = Release|Any CPU
		{9BE4916C-93F2-C789-94D5-78A88AA8CF6E}.Release|Any CPU.Build.0 = Release|Any CPU
		{5E7CC080-DDCA-BCED-5391-87B8D7E5369A}.Debug|Any CPU.ActiveCfg = Debug|Any CPU
		{5E7CC080-DDCA-BCED-5391-87B8D7E5369A}.Debug|Any CPU.Build.0 = Debug|Any CPU
		{5E7CC080-DDCA-BCED-5391-87B8D7E5369A}.Release|Any CPU.ActiveCfg = Release|Any CPU
		{5E7CC080-DDCA-BCED-5391-87B8D7E5369A}.Release|Any CPU.Build.0 = Release|Any CPU
		{C847791E-E969-9F26-A41A-B21E173E1308}.Debug|Any CPU.ActiveCfg = Debug|Any CPU
		{C847791E-E969-9F26-A41A-B21E173E1308}.Debug|Any CPU.Build.0 = Debug|Any CPU
		{C847791E-E969-9F26-A41A-B21E173E1308}.Release|Any CPU.ActiveCfg = Release|Any CPU
		{C847791E-E969-9F26-A41A-B21E173E1308}.Release|Any CPU.Build.0 = Release|Any CPU
		{B52BFACF-CB89-8B5A-C73F-B78888B6D6C5}.Debug|Any CPU.ActiveCfg = Debug|Any CPU
		{B52BFACF-CB89-8B5A-C73F-B78888B6D6C5}.Debug|Any CPU.Build.0 = Debug|Any CPU
		{B52BFACF-CB89-8B5A-C73F-B78888B6D6C5}.Release|Any CPU.ActiveCfg = Release|Any CPU
		{B52BFACF-CB89-8B5A-C73F-B78888B6D6C5}.Release|Any CPU.Build.0 = Release|Any CPU
		{8D2F03FC-2B60-06E6-F7F9-048E95DDE871}.Debug|Any CPU.ActiveCfg = Debug|Any CPU
		{8D2F03FC-2B60-06E6-F7F9-048E95DDE871}.Debug|Any CPU.Build.0 = Debug|Any CPU
		{8D2F03FC-2B60-06E6-F7F9-048E95DDE871}.Release|Any CPU.ActiveCfg = Release|Any CPU
		{8D2F03FC-2B60-06E6-F7F9-048E95DDE871}.Release|Any CPU.Build.0 = Release|Any CPU
		{8D00B74C-1B62-2F21-DCEF-046B0F1185B1}.Debug|Any CPU.ActiveCfg = Debug|Any CPU
		{8D00B74C-1B62-2F21-DCEF-046B0F1185B1}.Debug|Any CPU.Build.0 = Debug|Any CPU
		{8D00B74C-1B62-2F21-DCEF-046B0F1185B1}.Release|Any CPU.ActiveCfg = Release|Any CPU
		{8D00B74C-1B62-2F21-DCEF-046B0F1185B1}.Release|Any CPU.Build.0 = Release|Any CPU
		{0D942001-A3BC-4638-528F-1E4FA25EE10B}.Debug|Any CPU.ActiveCfg = Debug|Any CPU
		{0D942001-A3BC-4638-528F-1E4FA25EE10B}.Debug|Any CPU.Build.0 = Debug|Any CPU
		{0D942001-A3BC-4638-528F-1E4FA25EE10B}.Release|Any CPU.ActiveCfg = Release|Any CPU
		{0D942001-A3BC-4638-528F-1E4FA25EE10B}.Release|Any CPU.Build.0 = Release|Any CPU
		{75310F3E-2897-38CD-65EF-336BFFB31919}.Debug|Any CPU.ActiveCfg = Debug|Any CPU
		{75310F3E-2897-38CD-65EF-336BFFB31919}.Debug|Any CPU.Build.0 = Debug|Any CPU
		{75310F3E-2897-38CD-65EF-336BFFB31919}.Release|Any CPU.ActiveCfg = Release|Any CPU
		{75310F3E-2897-38CD-65EF-336BFFB31919}.Release|Any CPU.Build.0 = Release|Any CPU
		{BED0C4F9-44FF-C2EF-75DB-0F397D1254E6}.Debug|Any CPU.ActiveCfg = Debug|Any CPU
		{BED0C4F9-44FF-C2EF-75DB-0F397D1254E6}.Debug|Any CPU.Build.0 = Debug|Any CPU
		{BED0C4F9-44FF-C2EF-75DB-0F397D1254E6}.Release|Any CPU.ActiveCfg = Release|Any CPU
		{BED0C4F9-44FF-C2EF-75DB-0F397D1254E6}.Release|Any CPU.Build.0 = Release|Any CPU
		{A30C56C6-F3B1-F0AF-8800-AE522B5BCD39}.Debug|Any CPU.ActiveCfg = Debug|Any CPU
		{A30C56C6-F3B1-F0AF-8800-AE522B5BCD39}.Debug|Any CPU.Build.0 = Debug|Any CPU
		{A30C56C6-F3B1-F0AF-8800-AE522B5BCD39}.Release|Any CPU.ActiveCfg = Release|Any CPU
		{A30C56C6-F3B1-F0AF-8800-AE522B5BCD39}.Release|Any CPU.Build.0 = Release|Any CPU
		{14D0983D-096F-3830-6852-4174E05FDFBA}.Debug|Any CPU.ActiveCfg = Debug|Any CPU
		{14D0983D-096F-3830-6852-4174E05FDFBA}.Debug|Any CPU.Build.0 = Debug|Any CPU
		{14D0983D-096F-3830-6852-4174E05FDFBA}.Release|Any CPU.ActiveCfg = Release|Any CPU
		{14D0983D-096F-3830-6852-4174E05FDFBA}.Release|Any CPU.Build.0 = Release|Any CPU
		{700E568D-E2FA-8381-8AB1-06BFA6D65874}.Debug|Any CPU.ActiveCfg = Debug|Any CPU
		{700E568D-E2FA-8381-8AB1-06BFA6D65874}.Debug|Any CPU.Build.0 = Debug|Any CPU
		{700E568D-E2FA-8381-8AB1-06BFA6D65874}.Release|Any CPU.ActiveCfg = Release|Any CPU
		{700E568D-E2FA-8381-8AB1-06BFA6D65874}.Release|Any CPU.Build.0 = Release|Any CPU
	EndGlobalSection
	GlobalSection(SolutionProperties) = preSolution
		HideSolutionNode = FALSE
	EndGlobalSection
EndGlobal
