
Microsoft Visual Studio Solution File, Format Version 12.00
# Visual Studio 15
Project("{FAE04EC0-301F-11D3-BF4B-00C04F79EFBC}") = "UnityEngine.TestRunner", "UnityEngine.TestRunner.csproj", "{6367E8D3-4C7E-5AF5-22B7-9EB3A68F0772}"
EndProject
Project("{FAE04EC0-301F-11D3-BF4B-00C04F79EFBC}") = "Unity.Timeline", "Unity.Timeline.csproj", "{79D93431-0EFB-EB1D-6AB6-06644E219D92}"
EndProject
Project("{FAE04EC0-301F-11D3-BF4B-00C04F79EFBC}") = "Assembly-CSharp", "Assembly-CSharp.csproj", "{0BE8E511-D506-A1D0-E67D-923A5ED26D39}"
EndProject
Project("{FAE04EC0-301F-11D3-BF4B-00C04F79EFBC}") = "UnityEngine.UI", "UnityEngine.UI.csproj", "{FA109B58-4EB9-3551-90E0-0E46591CE41B}"
EndProject
Project("{FAE04EC0-301F-11D3-BF4B-00C04F79EFBC}") = "Unity.TextMeshPro", "Unity.TextMeshPro.csproj", "{B93E70AC-C181-1C9F-7CAB-281D5763B9B6}"
EndProject
Project("{FAE04EC0-301F-11D3-BF4B-00C04F79EFBC}") = "UnityEditor.TestRunner", "UnityEditor.TestRunner.csproj", "{96E0E231-2147-AD68-E1FF-D5EE384C3C76}"
EndProject
Project("{FAE04EC0-301F-11D3-BF4B-00C04F79EFBC}") = "Unity.PlasticSCM.Editor", "Unity.PlasticSCM.Editor.csproj", "{9C3F8B14-2C57-4EF1-F7F7-5E76F013935A}"
EndProject
Project("{FAE04EC0-301F-11D3-BF4B-00C04F79EFBC}") = "UnityEditor.UI", "UnityEditor.UI.csproj", "{724D6CBC-4B1E-DA87-4596-CEE4CAD2EB8C}"
EndProject
Project("{FAE04EC0-301F-11D3-BF4B-00C04F79EFBC}") = "Unity.Services.Core.Editor", "Unity.Services.Core.Editor.csproj", "{B8AFF8E8-2609-6FF1-7C37-C05FA7A4B488}"
EndProject
Project("{FAE04EC0-301F-11D3-BF4B-00C04F79EFBC}") = "Unity.Timeline.Editor", "Unity.Timeline.Editor.csproj", "{24BCDAE7-0854-D081-0D07-D16370D580BC}"
EndProject
Project("{FAE04EC0-301F-11D3-BF4B-00C04F79EFBC}") = "Unity.VisualStudio.Editor", "Unity.VisualStudio.Editor.csproj", "{44281B62-9B10-7FBC-8E95-39B4E76B6944}"
EndProject
Project("{FAE04EC0-301F-11D3-BF4B-00C04F79EFBC}") = "Unity.TextMeshPro.Editor", "Unity.TextMeshPro.Editor.csproj", "{7CBB6BF0-F666-2969-BA20-B34CFA7009EF}"
EndProject
Project("{FAE04EC0-301F-11D3-BF4B-00C04F79EFBC}") = "Unity.CollabProxy.Editor", "Unity.CollabProxy.Editor.csproj", "{82CFBAF9-1D32-C193-3948-AC2E639D639A}"
EndProject
Project("{FAE04EC0-301F-11D3-BF4B-00C04F79EFBC}") = "Unity.Rider.Editor", "Unity.Rider.Editor.csproj", "{A2F63685-3B0F-6A15-0C60-8152FD2A9AF7}"
EndProject
Project("{FAE04EC0-301F-11D3-BF4B-00C04F79EFBC}") = "Assembly-CSharp-Editor", "Assembly-CSharp-Editor.csproj", "{00366C92-7ED2-FFA1-4310-E9B080B0170D}"
EndProject
Project("{FAE04EC0-301F-11D3-BF4B-00C04F79EFBC}") = "Unity.2D.Sprite.Editor", "Unity.2D.Sprite.Editor.csproj", "{623CA937-A800-1CD5-D4B8-9CEE85E6E06F}"
EndProject
Project("{FAE04EC0-301F-11D3-BF4B-00C04F79EFBC}") = "Unity.VSCode.Editor", "Unity.VSCode.Editor.csproj", "{99E77858-2A2E-A511-9707-23B1E95E7769}"
EndProject
Project("{FAE04EC0-301F-11D3-BF4B-00C04F79EFBC}") = "UnityEngine.TestRunner", "UnityEngine.TestRunner.Player.csproj", "{37AA309B-593B-BBE0-C8DD-873F06AF2ADA}"
EndProject
Project("{FAE04EC0-301F-11D3-BF4B-00C04F79EFBC}") = "Unity.Timeline", "Unity.Timeline.Player.csproj", "{F2EDF432-1E69-9EE8-7D60-3973734A4C2E}"
EndProject
Project("{FAE04EC0-301F-11D3-BF4B-00C04F79EFBC}") = "Assembly-CSharp", "Assembly-CSharp.Player.csproj", "{BFD1A311-64DF-0900-3D20-80740A0DF8E2}"
EndProject
Project("{FAE04EC0-301F-11D3-BF4B-00C04F79EFBC}") = "UnityEngine.UI", "UnityEngine.UI.Player.csproj", "{05675884-7682-E139-96BE-DB1DDFC79385}"
EndProject
Project("{FAE04EC0-301F-11D3-BF4B-00C04F79EFBC}") = "Unity.TextMeshPro", "Unity.TextMeshPro.Player.csproj", "{E4106C6E-83CD-C2B0-7CB4-3B6B51F2E070}"
EndProject
Global
	GlobalSection(SolutionConfigurationPlatforms) = preSolution
		Debug|Any CPU = Debug|Any CPU
		Release|Any CPU = Release|Any CPU
	EndGlobalSection
	GlobalSection(ProjectConfigurationPlatforms) = postSolution
		{6367E8D3-4C7E-5AF5-22B7-9EB3A68F0772}.Debug|Any CPU.ActiveCfg = Debug|Any CPU
		{6367E8D3-4C7E-5AF5-22B7-9EB3A68F0772}.Debug|Any CPU.Build.0 = Debug|Any CPU
		{6367E8D3-4C7E-5AF5-22B7-9EB3A68F0772}.Release|Any CPU.ActiveCfg = Release|Any CPU
		{6367E8D3-4C7E-5AF5-22B7-9EB3A68F0772}.Release|Any CPU.Build.0 = Release|Any CPU
		{79D93431-0EFB-EB1D-6AB6-06644E219D92}.Debug|Any CPU.ActiveCfg = Debug|Any CPU
		{79D93431-0EFB-EB1D-6AB6-06644E219D92}.Debug|Any CPU.Build.0 = Debug|Any CPU
		{79D93431-0EFB-EB1D-6AB6-06644E219D92}.Release|Any CPU.ActiveCfg = Release|Any CPU
		{79D93431-0EFB-EB1D-6AB6-06644E219D92}.Release|Any CPU.Build.0 = Release|Any CPU
		{0BE8E511-D506-A1D0-E67D-923A5ED26D39}.Debug|Any CPU.ActiveCfg = Debug|Any CPU
		{0BE8E511-D506-A1D0-E67D-923A5ED26D39}.Debug|Any CPU.Build.0 = Debug|Any CPU
		{0BE8E511-D506-A1D0-E67D-923A5ED26D39}.Release|Any CPU.ActiveCfg = Release|Any CPU
		{0BE8E511-D506-A1D0-E67D-923A5ED26D39}.Release|Any CPU.Build.0 = Release|Any CPU
		{FA109B58-4EB9-3551-90E0-0E46591CE41B}.Debug|Any CPU.ActiveCfg = Debug|Any CPU
		{FA109B58-4EB9-3551-90E0-0E46591CE41B}.Debug|Any CPU.Build.0 = Debug|Any CPU
		{FA109B58-4EB9-3551-90E0-0E46591CE41B}.Release|Any CPU.ActiveCfg = Release|Any CPU
		{FA109B58-4EB9-3551-90E0-0E46591CE41B}.Release|Any CPU.Build.0 = Release|Any CPU
		{B93E70AC-C181-1C9F-7CAB-281D5763B9B6}.Debug|Any CPU.ActiveCfg = Debug|Any CPU
		{B93E70AC-C181-1C9F-7CAB-281D5763B9B6}.Debug|Any CPU.Build.0 = Debug|Any CPU
		{B93E70AC-C181-1C9F-7CAB-281D5763B9B6}.Release|Any CPU.ActiveCfg = Release|Any CPU
		{B93E70AC-C181-1C9F-7CAB-281D5763B9B6}.Release|Any CPU.Build.0 = Release|Any CPU
		{96E0E231-2147-AD68-E1FF-D5EE384C3C76}.Debug|Any CPU.ActiveCfg = Debug|Any CPU
		{96E0E231-2147-AD68-E1FF-D5EE384C3C76}.Debug|Any CPU.Build.0 = Debug|Any CPU
		{96E0E231-2147-AD68-E1FF-D5EE384C3C76}.Release|Any CPU.ActiveCfg = Release|Any CPU
		{96E0E231-2147-AD68-E1FF-D5EE384C3C76}.Release|Any CPU.Build.0 = Release|Any CPU
		{9C3F8B14-2C57-4EF1-F7F7-5E76F013935A}.Debug|Any CPU.ActiveCfg = Debug|Any CPU
		{9C3F8B14-2C57-4EF1-F7F7-5E76F013935A}.Debug|Any CPU.Build.0 = Debug|Any CPU
		{9C3F8B14-2C57-4EF1-F7F7-5E76F013935A}.Release|Any CPU.ActiveCfg = Release|Any CPU
		{9C3F8B14-2C57-4EF1-F7F7-5E76F013935A}.Release|Any CPU.Build.0 = Release|Any CPU
		{724D6CBC-4B1E-DA87-4596-CEE4CAD2EB8C}.Debug|Any CPU.ActiveCfg = Debug|Any CPU
		{724D6CBC-4B1E-DA87-4596-CEE4CAD2EB8C}.Debug|Any CPU.Build.0 = Debug|Any CPU
		{724D6CBC-4B1E-DA87-4596-CEE4CAD2EB8C}.Release|Any CPU.ActiveCfg = Release|Any CPU
		{724D6CBC-4B1E-DA87-4596-CEE4CAD2EB8C}.Release|Any CPU.Build.0 = Release|Any CPU
		{B8AFF8E8-2609-6FF1-7C37-C05FA7A4B488}.Debug|Any CPU.ActiveCfg = Debug|Any CPU
		{B8AFF8E8-2609-6FF1-7C37-C05FA7A4B488}.Debug|Any CPU.Build.0 = Debug|Any CPU
		{B8AFF8E8-2609-6FF1-7C37-C05FA7A4B488}.Release|Any CPU.ActiveCfg = Release|Any CPU
		{B8AFF8E8-2609-6FF1-7C37-C05FA7A4B488}.Release|Any CPU.Build.0 = Release|Any CPU
		{24BCDAE7-0854-D081-0D07-D16370D580BC}.Debug|Any CPU.ActiveCfg = Debug|Any CPU
		{24BCDAE7-0854-D081-0D07-D16370D580BC}.Debug|Any CPU.Build.0 = Debug|Any CPU
		{24BCDAE7-0854-D081-0D07-D16370D580BC}.Release|Any CPU.ActiveCfg = Release|Any CPU
		{24BCDAE7-0854-D081-0D07-D16370D580BC}.Release|Any CPU.Build.0 = Release|Any CPU
		{44281B62-9B10-7FBC-8E95-39B4E76B6944}.Debug|Any CPU.ActiveCfg = Debug|Any CPU
		{44281B62-9B10-7FBC-8E95-39B4E76B6944}.Debug|Any CPU.Build.0 = Debug|Any CPU
		{44281B62-9B10-7FBC-8E95-39B4E76B6944}.Release|Any CPU.ActiveCfg = Release|Any CPU
		{44281B62-9B10-7FBC-8E95-39B4E76B6944}.Release|Any CPU.Build.0 = Release|Any CPU
		{7CBB6BF0-F666-2969-BA20-B34CFA7009EF}.Debug|Any CPU.ActiveCfg = Debug|Any CPU
		{7CBB6BF0-F666-2969-BA20-B34CFA7009EF}.Debug|Any CPU.Build.0 = Debug|Any CPU
		{7CBB6BF0-F666-2969-BA20-B34CFA7009EF}.Release|Any CPU.ActiveCfg = Release|Any CPU
		{7CBB6BF0-F666-2969-BA20-B34CFA7009EF}.Release|Any CPU.Build.0 = Release|Any CPU
		{82CFBAF9-1D32-C193-3948-AC2E639D639A}.Debug|Any CPU.ActiveCfg = Debug|Any CPU
		{82CFBAF9-1D32-C193-3948-AC2E639D639A}.Debug|Any CPU.Build.0 = Debug|Any CPU
		{82CFBAF9-1D32-C193-3948-AC2E639D639A}.Release|Any CPU.ActiveCfg = Release|Any CPU
		{82CFBAF9-1D32-C193-3948-AC2E639D639A}.Release|Any CPU.Build.0 = Release|Any CPU
		{A2F63685-3B0F-6A15-0C60-8152FD2A9AF7}.Debug|Any CPU.ActiveCfg = Debug|Any CPU
		{A2F63685-3B0F-6A15-0C60-8152FD2A9AF7}.Debug|Any CPU.Build.0 = Debug|Any CPU
		{A2F63685-3B0F-6A15-0C60-8152FD2A9AF7}.Release|Any CPU.ActiveCfg = Release|Any CPU
		{A2F63685-3B0F-6A15-0C60-8152FD2A9AF7}.Release|Any CPU.Build.0 = Release|Any CPU
		{00366C92-7ED2-FFA1-4310-E9B080B0170D}.Debug|Any CPU.ActiveCfg = Debug|Any CPU
		{00366C92-7ED2-FFA1-4310-E9B080B0170D}.Debug|Any CPU.Build.0 = Debug|Any CPU
		{00366C92-7ED2-FFA1-4310-E9B080B0170D}.Release|Any CPU.ActiveCfg = Release|Any CPU
		{00366C92-7ED2-FFA1-4310-E9B080B0170D}.Release|Any CPU.Build.0 = Release|Any CPU
		{623CA937-A800-1CD5-D4B8-9CEE85E6E06F}.Debug|Any CPU.ActiveCfg = Debug|Any CPU
		{623CA937-A800-1CD5-D4B8-9CEE85E6E06F}.Debug|Any CPU.Build.0 = Debug|Any CPU
		{623CA937-A800-1CD5-D4B8-9CEE85E6E06F}.Release|Any CPU.ActiveCfg = Release|Any CPU
		{623CA937-A800-1CD5-D4B8-9CEE85E6E06F}.Release|Any CPU.Build.0 = Release|Any CPU
		{99E77858-2A2E-A511-9707-23B1E95E7769}.Debug|Any CPU.ActiveCfg = Debug|Any CPU
		{99E77858-2A2E-A511-9707-23B1E95E7769}.Debug|Any CPU.Build.0 = Debug|Any CPU
		{99E77858-2A2E-A511-9707-23B1E95E7769}.Release|Any CPU.ActiveCfg = Release|Any CPU
		{99E77858-2A2E-A511-9707-23B1E95E7769}.Release|Any CPU.Build.0 = Release|Any CPU
		{37AA309B-593B-BBE0-C8DD-873F06AF2ADA}.Debug|Any CPU.ActiveCfg = Debug|Any CPU
		{37AA309B-593B-BBE0-C8DD-873F06AF2ADA}.Debug|Any CPU.Build.0 = Debug|Any CPU
		{37AA309B-593B-BBE0-C8DD-873F06AF2ADA}.Release|Any CPU.ActiveCfg = Release|Any CPU
		{37AA309B-593B-BBE0-C8DD-873F06AF2ADA}.Release|Any CPU.Build.0 = Release|Any CPU
		{F2EDF432-1E69-9EE8-7D60-3973734A4C2E}.Debug|Any CPU.ActiveCfg = Debug|Any CPU
		{F2EDF432-1E69-9EE8-7D60-3973734A4C2E}.Debug|Any CPU.Build.0 = Debug|Any CPU
		{F2EDF432-1E69-9EE8-7D60-3973734A4C2E}.Release|Any CPU.ActiveCfg = Release|Any CPU
		{F2EDF432-1E69-9EE8-7D60-3973734A4C2E}.Release|Any CPU.Build.0 = Release|Any CPU
		{BFD1A311-64DF-0900-3D20-80740A0DF8E2}.Debug|Any CPU.ActiveCfg = Debug|Any CPU
		{BFD1A311-64DF-0900-3D20-80740A0DF8E2}.Debug|Any CPU.Build.0 = Debug|Any CPU
		{BFD1A311-64DF-0900-3D20-80740A0DF8E2}.Release|Any CPU.ActiveCfg = Release|Any CPU
		{BFD1A311-64DF-0900-3D20-80740A0DF8E2}.Release|Any CPU.Build.0 = Release|Any CPU
		{05675884-7682-E139-96BE-DB1DDFC79385}.Debug|Any CPU.ActiveCfg = Debug|Any CPU
		{05675884-7682-E139-96BE-DB1DDFC79385}.Debug|Any CPU.Build.0 = Debug|Any CPU
		{05675884-7682-E139-96BE-DB1DDFC79385}.Release|Any CPU.ActiveCfg = Release|Any CPU
		{05675884-7682-E139-96BE-DB1DDFC79385}.Release|Any CPU.Build.0 = Release|Any CPU
		{E4106C6E-83CD-C2B0-7CB4-3B6B51F2E070}.Debug|Any CPU.ActiveCfg = Debug|Any CPU
		{E4106C6E-83CD-C2B0-7CB4-3B6B51F2E070}.Debug|Any CPU.Build.0 = Debug|Any CPU
		{E4106C6E-83CD-C2B0-7CB4-3B6B51F2E070}.Release|Any CPU.ActiveCfg = Release|Any CPU
		{E4106C6E-83CD-C2B0-7CB4-3B6B51F2E070}.Release|Any CPU.Build.0 = Release|Any CPU
	EndGlobalSection
	GlobalSection(SolutionProperties) = preSolution
		HideSolutionNode = FALSE
	EndGlobalSection
EndGlobal
